
Microsoft Visual Studio Solution File, Format Version 12.00
# Visual Studio Version 17
VisualStudioVersion = 17.5.001.0
MinimumVisualStudioVersion = 10.0.40219.1
Project("{9A19103F-16F7-4668-BE54-9A1E7A4F7556}") = "Aula 55_Encapsulamento_Csharp", "Aula 55_Encapsulamento_Csharp.csproj", "{C04A2752-2945-4A25-9711-12749E010FB2}"
EndProject
Global
	GlobalSection(SolutionConfigurationPlatforms) = preSolution
		Debug|Any CPU = Debug|Any CPU
		Release|Any CPU = Release|Any CPU
	EndGlobalSection
	GlobalSection(ProjectConfigurationPlatforms) = postSolution
		{C04A2752-2945-4A25-9711-12749E010FB2}.Debug|Any CPU.ActiveCfg = Debug|Any CPU
		{C04A2752-2945-4A25-9711-12749E010FB2}.Debug|Any CPU.Build.0 = Debug|Any CPU
		{C04A2752-2945-4A25-9711-12749E010FB2}.Release|Any CPU.ActiveCfg = Release|Any CPU
		{C04A2752-2945-4A25-9711-12749E010FB2}.Release|Any CPU.Build.0 = Release|Any CPU
	EndGlobalSection
	GlobalSection(SolutionProperties) = preSolution
		HideSolutionNode = FALSE
	EndGlobalSection
	GlobalSection(ExtensibilityGlobals) = postSolution
		SolutionGuid = {4E03A89A-C5C6-4BE6-815F-BFEA17A11A7D}
	EndGlobalSection
EndGlobal
